Microsoft Visual Studio Solution File, Format Version 11.00
# Visual Studio 2008

Project("{1B23F302-F5D3-D642-2E2C-E4D613FC154F}") = "TortiseAndHare", "Assembly-CSharp.csproj", "{BEA3F20D-248D-F44B-5D70-93782FB300A2}"
EndProject
Global
	GlobalSection(SolutionConfigurationPlatforms) = preSolution
		Debug|Any CPU = Debug|Any CPU
		Release|Any CPU = Release|Any CPU
	EndGlobalSection
	GlobalSection(ProjectConfigurationPlatforms) = postSolution
		{BEA3F20D-248D-F44B-5D70-93782FB300A2}.Debug|Any CPU.ActiveCfg = Debug|Any CPU
		{BEA3F20D-248D-F44B-5D70-93782FB300A2}.Debug|Any CPU.Build.0 = Debug|Any CPU
		{BEA3F20D-248D-F44B-5D70-93782FB300A2}.Release|Any CPU.ActiveCfg = Release|Any CPU
		{BEA3F20D-248D-F44B-5D70-93782FB300A2}.Release|Any CPU.Build.0 = Release|Any CPU
	EndGlobalSection
	GlobalSection(SolutionProperties) = preSolution
		HideSolutionNode = FALSE
	EndGlobalSection
										GlobalSection(MonoDevelopProperties) = preSolution
		StartupItem = Assembly-CSharp.csproj
		Policies = $0
		$0.TextStylePolicy = $1
		$1.inheritsSet = null
		$1.scope = text/x-csharp
		$0.CSharpFormattingPolicy = $2
		$2.inheritsSet = Mono
		$2.inheritsScope = text/x-csharp
		$2.scope = text/x-csharp
		$0.TextStylePolicy = $3
		$3.FileWidth = 120
		$3.TabWidth = 4
		$3.IndentWidth = 4
		$3.EolMarker = Unix
		$3.inheritsSet = Mono
		$3.inheritsScope = text/plain
		$3.scope = text/plain
	EndGlobalSection

EndGlobal
